
Microsoft Visual Studio Solution File, Format Version 12.00
# Visual Studio 14
VisualStudioVersion = 14.0.23107.0
MinimumVisualStudioVersion = 10.0.40219.1
Project("{FAE04EC0-301F-11D3-BF4B-00C04F79EFBC}") = "ShoppingCart", "ShoppingCart\ShoppingCart.csproj", "{BCA8F01E-49E9-44CC-B359-B0B7E75537DC}"
EndProject
Project("{FAE04EC0-301F-11D3-BF4B-00C04F79EFBC}") = "KnockoutJSTest", "KnockoutJSTest\KnockoutJSTest.csproj", "{838D163A-57B2-4D62-ADEE-89680BA17759}"
EndProject
Global
	GlobalSection(SolutionConfigurationPlatforms) = preSolution
		Debug|Any CPU = Debug|Any CPU
		Release|Any CPU = Release|Any CPU
	EndGlobalSection
	GlobalSection(ProjectConfigurationPlatforms) = postSolution
		{BCA8F01E-49E9-44CC-B359-B0B7E75537DC}.Debug|Any CPU.ActiveCfg = Debug|Any CPU
		{BCA8F01E-49E9-44CC-B359-B0B7E75537DC}.Debug|Any CPU.Build.0 = Debug|Any CPU
		{BCA8F01E-49E9-44CC-B359-B0B7E75537DC}.Release|Any CPU.ActiveCfg = Release|Any CPU
		{BCA8F01E-49E9-44CC-B359-B0B7E75537DC}.Release|Any CPU.Build.0 = Release|Any CPU
		{838D163A-57B2-4D62-ADEE-89680BA17759}.Debug|Any CPU.ActiveCfg = Debug|Any CPU
		{838D163A-57B2-4D62-ADEE-89680BA17759}.Debug|Any CPU.Build.0 = Debug|Any CPU
		{838D163A-57B2-4D62-ADEE-89680BA17759}.Release|Any CPU.ActiveCfg = Release|Any CPU
		{838D163A-57B2-4D62-ADEE-89680BA17759}.Release|Any CPU.Build.0 = Release|Any CPU
	EndGlobalSection
	GlobalSection(SolutionProperties) = preSolution
		HideSolutionNode = FALSE
	EndGlobalSection
EndGlobal
